<?xml version="1.0" encoding="utf-8"?>
<Project ToolsVersion="4.0" xmlns="http://schemas.microsoft.com/developer/msbuild/2003">
  <ItemGroup>
    <Filter Include="Scripts">
      <UniqueIdentifier>{11d25177-9597-4823-9ec2-67429f7c74b9}</UniqueIdentifier>
    </Filter>
    <Filter Include="include">
      <UniqueIdentifier>{84bc72f4-51e8-4cab-af00-81ab782cc4a5}</UniqueIdentifier>
    </Filter>
    <Filter Include="styles">
      <UniqueIdentifier>{1a8488c5-ed9b-46fe-ab49-169a14e8edde}</UniqueIdentifier>
    </Filter>
    <Filter Include="tiles">
      <UniqueIdentifier>{23b661b0-9c7e-4957-a37d-6b0e8b46e6ed}</UniqueIdentifier>
    </Filter>
    <Filter Include="PUGIXML">
      <UniqueIdentifier>{6c327031-fd24-492b-826e-e7b34904cb9d}</UniqueIdentifier>
    </Filter>
    <Filter Include="ferox">
      <UniqueIdentifier>{6c003348-0f92-4ba0-9557-88549b3dc5c6}</UniqueIdentifier>
    </Filter>
  </ItemGroup>
  <ItemGroup>
    <ClCompile Include="main.cpp">
      <Filter>Scripts</Filter>
    </ClCompile>
    <ClCompile Include="game.cpp">
      <Filter>Scripts</Filter>
    </ClCompile>
    <ClCompile Include="screens.cpp">
      <Filter>Scripts</Filter>
    </ClCompile>
    <ClCompile Include="pause.cpp">
      <Filter>Scripts</Filter>
    </ClCompile>
    <ClCompile Include="loading.cpp">
      <Filter>Scripts</Filter>
    </ClCompile>
    <ClCompile Include="sprites.cpp">
      <Filter>Scripts</Filter>
    </ClCompile>
    <ClCompile Include="Player.cpp">
      <Filter>Scripts</Filter>
    </ClCompile>
    <ClCompile Include="map.cpp">
      <Filter>Scripts</Filter>
    </ClCompile>
    <ClCompile Include="tile_map_drawing.cpp">
      <Filter>Scripts</Filter>
    </ClCompile>
    <ClCompile Include="tile_map_io.cpp">
      <Filter>Scripts</Filter>
    </ClCompile>
    <ClCompile Include="PUGIXML\pugixml.cpp">
      <Filter>PUGIXML</Filter>
    </ClCompile>
  </ItemGroup>
  <ItemGroup>
    <ClInclude Include="include\game.h">
      <Filter>include</Filter>
    </ClInclude>
    <ClInclude Include="include\main.h">
      <Filter>include</Filter>
    </ClInclude>
    <ClInclude Include="include\raygui.h">
      <Filter>include</Filter>
    </ClInclude>
    <ClInclude Include="include\screens.h">
      <Filter>include</Filter>
    </ClInclude>
    <ClInclude Include="include\pause.h">
      <Filter>include</Filter>
    </ClInclude>
    <ClInclude Include="include\loading.h">
      <Filter>include</Filter>
    </ClInclude>
    <ClInclude Include="include\sprites.h">
      <Filter>include</Filter>
    </ClInclude>
    <ClInclude Include="include\tile_map.h">
      <Filter>include</Filter>
    </ClInclude>
    <ClInclude Include="include\map.h">
      <Filter>include</Filter>
    </ClInclude>
    <ClInclude Include="PUGIXML\pugixml.hpp">
      <Filter>PUGIXML</Filter>
    </ClInclude>
    <ClInclude Include="PUGIXML\pugiconfig.hpp">
      <Filter>PUGIXML</Filter>
    </ClInclude>
    <ClInclude Include="include\Player.h">
      <Filter>include</Filter>
    </ClInclude>
    <ClInclude Include="include\resource.h">
      <Filter>include</Filter>
    </ClInclude>
    <ClInclude Include="timer.h">
      <Filter>include</Filter>
    </ClInclude>
  </ItemGroup>
  <ItemGroup>
    <None Include="styles\ashes\ashes.rgs">
      <Filter>styles</Filter>
    </None>
  </ItemGroup>
  <ItemGroup>
    <Font Include="styles\ashes\v5loxical.ttf">
      <Filter>styles</Filter>
    </Font>
  </ItemGroup>
  <ItemGroup>
    <Image Include="Tiles\Default\tile_0300.png">
      <Filter>tiles</Filter>
    </Image>
    <Image Include="resources\Tilemap\monochrome_tilemap_transparent.png">
      <Filter>tiles</Filter>
    </Image>
  </ItemGroup>
  <ItemGroup>
    <ResourceCompile Include="plataformer.rc" />
  </ItemGroup>
</Project>