<?xml version="1.0" encoding="utf-8"?>
<Project ToolsVersion="4.0" xmlns="http://schemas.microsoft.com/developer/msbuild/2003">
  <ItemGroup>
    <Filter Include="Scripts">
      <UniqueIdentifier>{11d25177-9597-4823-9ec2-67429f7c74b9}</UniqueIdentifier>
    </Filter>
    <Filter Include="include">
      <UniqueIdentifier>{84bc72f4-51e8-4cab-af00-81ab782cc4a5}</UniqueIdentifier>
    </Filter>
    <Filter Include="styles">
      <UniqueIdentifier>{1a8488c5-ed9b-46fe-ab49-169a14e8edde}</UniqueIdentifier>
    </Filter>
  </ItemGroup>
  <ItemGroup>
    <ClCompile Include="main.cpp">
      <Filter>Scripts</Filter>
    </ClCompile>
    <ClCompile Include="game.cpp">
      <Filter>Scripts</Filter>
    </ClCompile>
    <ClCompile Include="screens.cpp">
      <Filter>Scripts</Filter>
    </ClCompile>
    <ClCompile Include="pause.cpp">
      <Filter>Scripts</Filter>
    </ClCompile>
  </ItemGroup>
  <ItemGroup>
    <ClInclude Include="include\game.h">
      <Filter>include</Filter>
    </ClInclude>
    <ClInclude Include="include\main.h">
      <Filter>include</Filter>
    </ClInclude>
    <ClInclude Include="include\raygui.h">
      <Filter>include</Filter>
    </ClInclude>
    <ClInclude Include="include\screens.h">
      <Filter>include</Filter>
    </ClInclude>
    <ClInclude Include="pause.h">
      <Filter>include</Filter>
    </ClInclude>
  </ItemGroup>
  <ItemGroup>
    <None Include="styles\ashes\ashes.rgs">
      <Filter>styles</Filter>
    </None>
  </ItemGroup>
  <ItemGroup>
    <Font Include="styles\ashes\v5loxical.ttf">
      <Filter>styles</Filter>
    </Font>
  </ItemGroup>
</Project>